
Microsoft Visual Studio Solution File, Format Version 12.00
# Visual Studio Version 17
VisualStudioVersion = 17.4.33110.190
MinimumVisualStudioVersion = 10.0.40219.1
Project("{FAE04EC0-301F-11D3-BF4B-00C04F79EFBC}") = "SkySoftwareConsole", "SkySoftwareConsole\SkySoftwareConsole.csproj", "{F148FC65-998F-4FCA-B3CF-2D51DD3138EC}"
EndProject
Global
	GlobalSection(SolutionConfigurationPlatforms) = preSolution
		Debug|Any CPU = Debug|Any CPU
		Release|Any CPU = Release|Any CPU
	EndGlobalSection
	GlobalSection(ProjectConfigurationPlatforms) = postSolution
		{F148FC65-998F-4FCA-B3CF-2D51DD3138EC}.Debug|Any CPU.ActiveCfg = Debug|Any CPU
		{F148FC65-998F-4FCA-B3CF-2D51DD3138EC}.Debug|Any CPU.Build.0 = Debug|Any CPU
		{F148FC65-998F-4FCA-B3CF-2D51DD3138EC}.Release|Any CPU.ActiveCfg = Release|Any CPU
		{F148FC65-998F-4FCA-B3CF-2D51DD3138EC}.Release|Any CPU.Build.0 = Release|Any CPU
	EndGlobalSection
	GlobalSection(SolutionProperties) = preSolution
		HideSolutionNode = FALSE
	EndGlobalSection
	GlobalSection(ExtensibilityGlobals) = postSolution
		SolutionGuid = {6900F7CA-D8E6-45D6-84E3-4A7AFD511AA5}
	EndGlobalSection
EndGlobal
